
Microsoft Visual Studio Solution File, Format Version 12.00
# Visual Studio Version 17
VisualStudioVersion = 17.10.35027.167
MinimumVisualStudioVersion = 10.0.40219.1
Project("{2150E333-8FDC-42A3-9474-1A3956D46DE8}") = "src", "src", "{662CD5FC-BC94-4684-92D3-115C8E62DEAF}"
EndProject
Project("{2150E333-8FDC-42A3-9474-1A3956D46DE8}") = "test", "test", "{9970772C-E819-46B9-838B-B5D5885B7B8C}"
EndProject
Project("{2150E333-8FDC-42A3-9474-1A3956D46DE8}") = "API", "API", "{F3D9FBBA-ED7D-41AD-830C-5B0C4D6F1FD8}"
EndProject
Project("{2150E333-8FDC-42A3-9474-1A3956D46DE8}") = "Core", "Core", "{6C2F800F-3C64-48CE-810D-AEDEEBA496B5}"
EndProject
Project("{2150E333-8FDC-42A3-9474-1A3956D46DE8}") = "Infrastructure", "Infrastructure", "{17B39AC3-846D-49E6-9691-7C2A4DDF66DC}"
EndProject
Project("{9A19103F-16F7-4668-BE54-9A1E7A4F7556}") = "CRMSystem.Application", "CRMSystem.Application\CRMSystem.Application.csproj", "{ED2799AC-1394-469B-BC92-549E2D703B24}"
EndProject
Project("{9A19103F-16F7-4668-BE54-9A1E7A4F7556}") = "CRMSystem.Domain", "CRMSystem.Domain\CRMSystem.Domain.csproj", "{ED36FEC9-2B01-42E8-96D2-65B33679E917}"
EndProject
Project("{9A19103F-16F7-4668-BE54-9A1E7A4F7556}") = "CRMSystem.API", "CRMSystem.API\CRMSystem.API.csproj", "{052BD2E3-C53B-4CE6-AC17-399684CA36FF}"
EndProject
Project("{9A19103F-16F7-4668-BE54-9A1E7A4F7556}") = "CRMSystem.Infrastructure", "CRMSystem.Infrastructure\CRMSystem.Infrastructure.csproj", "{901E5D99-7FF7-4906-BB24-005213BE6593}"
EndProject
Project("{9A19103F-16F7-4668-BE54-9A1E7A4F7556}") = "CRMSystem.Persistence", "CRMSystem.Persistence\CRMSystem.Persistence.csproj", "{0E60FA83-372F-4834-A2A0-63C646113738}"
EndProject
Global
	GlobalSection(SolutionConfigurationPlatforms) = preSolution
		Debug|Any CPU = Debug|Any CPU
		Release|Any CPU = Release|Any CPU
	EndGlobalSection
	GlobalSection(ProjectConfigurationPlatforms) = postSolution
		{ED2799AC-1394-469B-BC92-549E2D703B24}.Debug|Any CPU.ActiveCfg = Debug|Any CPU
		{ED2799AC-1394-469B-BC92-549E2D703B24}.Debug|Any CPU.Build.0 = Debug|Any CPU
		{ED2799AC-1394-469B-BC92-549E2D703B24}.Release|Any CPU.ActiveCfg = Release|Any CPU
		{ED2799AC-1394-469B-BC92-549E2D703B24}.Release|Any CPU.Build.0 = Release|Any CPU
		{ED36FEC9-2B01-42E8-96D2-65B33679E917}.Debug|Any CPU.ActiveCfg = Debug|Any CPU
		{ED36FEC9-2B01-42E8-96D2-65B33679E917}.Debug|Any CPU.Build.0 = Debug|Any CPU
		{ED36FEC9-2B01-42E8-96D2-65B33679E917}.Release|Any CPU.ActiveCfg = Release|Any CPU
		{ED36FEC9-2B01-42E8-96D2-65B33679E917}.Release|Any CPU.Build.0 = Release|Any CPU
		{052BD2E3-C53B-4CE6-AC17-399684CA36FF}.Debug|Any CPU.ActiveCfg = Debug|Any CPU
		{052BD2E3-C53B-4CE6-AC17-399684CA36FF}.Debug|Any CPU.Build.0 = Debug|Any CPU
		{052BD2E3-C53B-4CE6-AC17-399684CA36FF}.Release|Any CPU.ActiveCfg = Release|Any CPU
		{052BD2E3-C53B-4CE6-AC17-399684CA36FF}.Release|Any CPU.Build.0 = Release|Any CPU
		{901E5D99-7FF7-4906-BB24-005213BE6593}.Debug|Any CPU.ActiveCfg = Debug|Any CPU
		{901E5D99-7FF7-4906-BB24-005213BE6593}.Debug|Any CPU.Build.0 = Debug|Any CPU
		{901E5D99-7FF7-4906-BB24-005213BE6593}.Release|Any CPU.ActiveCfg = Release|Any CPU
		{901E5D99-7FF7-4906-BB24-005213BE6593}.Release|Any CPU.Build.0 = Release|Any CPU
		{0E60FA83-372F-4834-A2A0-63C646113738}.Debug|Any CPU.ActiveCfg = Debug|Any CPU
		{0E60FA83-372F-4834-A2A0-63C646113738}.Debug|Any CPU.Build.0 = Debug|Any CPU
		{0E60FA83-372F-4834-A2A0-63C646113738}.Release|Any CPU.ActiveCfg = Release|Any CPU
		{0E60FA83-372F-4834-A2A0-63C646113738}.Release|Any CPU.Build.0 = Release|Any CPU
	EndGlobalSection
	GlobalSection(SolutionProperties) = preSolution
		HideSolutionNode = FALSE
	EndGlobalSection
	GlobalSection(NestedProjects) = preSolution
		{F3D9FBBA-ED7D-41AD-830C-5B0C4D6F1FD8} = {662CD5FC-BC94-4684-92D3-115C8E62DEAF}
		{6C2F800F-3C64-48CE-810D-AEDEEBA496B5} = {662CD5FC-BC94-4684-92D3-115C8E62DEAF}
		{17B39AC3-846D-49E6-9691-7C2A4DDF66DC} = {662CD5FC-BC94-4684-92D3-115C8E62DEAF}
		{ED2799AC-1394-469B-BC92-549E2D703B24} = {6C2F800F-3C64-48CE-810D-AEDEEBA496B5}
		{ED36FEC9-2B01-42E8-96D2-65B33679E917} = {6C2F800F-3C64-48CE-810D-AEDEEBA496B5}
		{052BD2E3-C53B-4CE6-AC17-399684CA36FF} = {F3D9FBBA-ED7D-41AD-830C-5B0C4D6F1FD8}
		{901E5D99-7FF7-4906-BB24-005213BE6593} = {17B39AC3-846D-49E6-9691-7C2A4DDF66DC}
		{0E60FA83-372F-4834-A2A0-63C646113738} = {17B39AC3-846D-49E6-9691-7C2A4DDF66DC}
	EndGlobalSection
	GlobalSection(ExtensibilityGlobals) = postSolution
		SolutionGuid = {0FE6AC4F-F14A-44C2-8B18-367EE21F8C24}
	EndGlobalSection
EndGlobal
